
Microsoft Visual Studio Solution File, Format Version 12.00
# Visual Studio Version 16
VisualStudioVersion = 16.0.30717.126
MinimumVisualStudioVersion = 10.0.40219.1
Project("{FAE04EC0-301F-11D3-BF4B-00C04F79EFBC}") = "Lesson3_Ex2", "Lesson3_Ex2\Lesson3_Ex2.csproj", "{02C1A89F-A841-477F-B040-D5F400A5B492}"
EndProject
Project("{9A19103F-16F7-4668-BE54-9A1E7A4F7556}") = "Lesson2_Calculator", "Calculator\Lesson2_Calculator.csproj", "{52382519-6140-430D-9BAE-F47711545605}"
EndProject
Project("{9A19103F-16F7-4668-BE54-9A1E7A4F7556}") = "Lesson1_Ex1", "Lesson1_Ex1\Lesson1_Ex1.csproj", "{48BD2284-A0C2-4627-8CDD-25C759B09AAC}"
EndProject
Project("{9A19103F-16F7-4668-BE54-9A1E7A4F7556}") = "Lesson1_Ex2", "Lesson1_Ex2\Lesson1_Ex2.csproj", "{14188FE8-8D96-453E-A90A-85B9DD640A46}"
EndProject
Project("{9A19103F-16F7-4668-BE54-9A1E7A4F7556}") = "Lesson1_Ex3", "Lesson1_Ex3\Lesson1_Ex3.csproj", "{8DBCBC30-0DD6-4978-BDB6-AEE4E9D8AC47}"
EndProject
Project("{9A19103F-16F7-4668-BE54-9A1E7A4F7556}") = "Lesson2_Authentication", "Lesson2_Authentication\Lesson2_Authentication.csproj", "{2AA1AA8C-F5B9-45A7-B177-9B2ED2968000}"
EndProject
Project("{9A19103F-16F7-4668-BE54-9A1E7A4F7556}") = "Lesson3_Matrix", "Lesson3_Matrix\Lesson3_Matrix.csproj", "{1424C140-1426-46EA-8755-9D435B150C23}"
EndProject
Project("{9A19103F-16F7-4668-BE54-9A1E7A4F7556}") = "Lesson1_Ex4", "Lesson1_Ex4\Lesson1_Ex4.csproj", "{215F58F5-A34E-4387-8981-4D706C5E97AB}"
EndProject
Project("{FAE04EC0-301F-11D3-BF4B-00C04F79EFBC}") = "Test1", "Test1\Test1.csproj", "{AFA23D15-7711-4E13-8ADC-1BBCA83CE273}"
EndProject
Global
	GlobalSection(SolutionConfigurationPlatforms) = preSolution
		Debug|Any CPU = Debug|Any CPU
		Release|Any CPU = Release|Any CPU
	EndGlobalSection
	GlobalSection(ProjectConfigurationPlatforms) = postSolution
		{02C1A89F-A841-477F-B040-D5F400A5B492}.Debug|Any CPU.ActiveCfg = Debug|Any CPU
		{02C1A89F-A841-477F-B040-D5F400A5B492}.Debug|Any CPU.Build.0 = Debug|Any CPU
		{02C1A89F-A841-477F-B040-D5F400A5B492}.Release|Any CPU.ActiveCfg = Release|Any CPU
		{02C1A89F-A841-477F-B040-D5F400A5B492}.Release|Any CPU.Build.0 = Release|Any CPU
		{52382519-6140-430D-9BAE-F47711545605}.Debug|Any CPU.ActiveCfg = Debug|Any CPU
		{52382519-6140-430D-9BAE-F47711545605}.Debug|Any CPU.Build.0 = Debug|Any CPU
		{52382519-6140-430D-9BAE-F47711545605}.Release|Any CPU.ActiveCfg = Release|Any CPU
		{52382519-6140-430D-9BAE-F47711545605}.Release|Any CPU.Build.0 = Release|Any CPU
		{48BD2284-A0C2-4627-8CDD-25C759B09AAC}.Debug|Any CPU.ActiveCfg = Debug|Any CPU
		{48BD2284-A0C2-4627-8CDD-25C759B09AAC}.Debug|Any CPU.Build.0 = Debug|Any CPU
		{48BD2284-A0C2-4627-8CDD-25C759B09AAC}.Release|Any CPU.ActiveCfg = Release|Any CPU
		{48BD2284-A0C2-4627-8CDD-25C759B09AAC}.Release|Any CPU.Build.0 = Release|Any CPU
		{14188FE8-8D96-453E-A90A-85B9DD640A46}.Debug|Any CPU.ActiveCfg = Debug|Any CPU
		{14188FE8-8D96-453E-A90A-85B9DD640A46}.Debug|Any CPU.Build.0 = Debug|Any CPU
		{14188FE8-8D96-453E-A90A-85B9DD640A46}.Release|Any CPU.ActiveCfg = Release|Any CPU
		{14188FE8-8D96-453E-A90A-85B9DD640A46}.Release|Any CPU.Build.0 = Release|Any CPU
		{8DBCBC30-0DD6-4978-BDB6-AEE4E9D8AC47}.Debug|Any CPU.ActiveCfg = Debug|Any CPU
		{8DBCBC30-0DD6-4978-BDB6-AEE4E9D8AC47}.Debug|Any CPU.Build.0 = Debug|Any CPU
		{8DBCBC30-0DD6-4978-BDB6-AEE4E9D8AC47}.Release|Any CPU.ActiveCfg = Release|Any CPU
		{8DBCBC30-0DD6-4978-BDB6-AEE4E9D8AC47}.Release|Any CPU.Build.0 = Release|Any CPU
		{2AA1AA8C-F5B9-45A7-B177-9B2ED2968000}.Debug|Any CPU.ActiveCfg = Debug|Any CPU
		{2AA1AA8C-F5B9-45A7-B177-9B2ED2968000}.Debug|Any CPU.Build.0 = Debug|Any CPU
		{2AA1AA8C-F5B9-45A7-B177-9B2ED2968000}.Release|Any CPU.ActiveCfg = Release|Any CPU
		{2AA1AA8C-F5B9-45A7-B177-9B2ED2968000}.Release|Any CPU.Build.0 = Release|Any CPU
		{1424C140-1426-46EA-8755-9D435B150C23}.Debug|Any CPU.ActiveCfg = Debug|Any CPU
		{1424C140-1426-46EA-8755-9D435B150C23}.Debug|Any CPU.Build.0 = Debug|Any CPU
		{1424C140-1426-46EA-8755-9D435B150C23}.Release|Any CPU.ActiveCfg = Release|Any CPU
		{1424C140-1426-46EA-8755-9D435B150C23}.Release|Any CPU.Build.0 = Release|Any CPU
		{215F58F5-A34E-4387-8981-4D706C5E97AB}.Debug|Any CPU.ActiveCfg = Debug|Any CPU
		{215F58F5-A34E-4387-8981-4D706C5E97AB}.Debug|Any CPU.Build.0 = Debug|Any CPU
		{215F58F5-A34E-4387-8981-4D706C5E97AB}.Release|Any CPU.ActiveCfg = Release|Any CPU
		{215F58F5-A34E-4387-8981-4D706C5E97AB}.Release|Any CPU.Build.0 = Release|Any CPU
		{AFA23D15-7711-4E13-8ADC-1BBCA83CE273}.Debug|Any CPU.ActiveCfg = Debug|Any CPU
		{AFA23D15-7711-4E13-8ADC-1BBCA83CE273}.Debug|Any CPU.Build.0 = Debug|Any CPU
		{AFA23D15-7711-4E13-8ADC-1BBCA83CE273}.Release|Any CPU.ActiveCfg = Release|Any CPU
		{AFA23D15-7711-4E13-8ADC-1BBCA83CE273}.Release|Any CPU.Build.0 = Release|Any CPU
	EndGlobalSection
	GlobalSection(SolutionProperties) = preSolution
		HideSolutionNode = FALSE
	EndGlobalSection
	GlobalSection(ExtensibilityGlobals) = postSolution
		SolutionGuid = {210B61A2-EB5E-48D1-B1E5-F4D46C254E7C}
	EndGlobalSection
EndGlobal
